
Microsoft Visual Studio Solution File, Format Version 12.00
# Visual Studio 2013
VisualStudioVersion = 12.0.20827.3
MinimumVisualStudioVersion = 10.0.40219.1
Project("{FAE04EC0-301F-11D3-BF4B-00C04F79EFBC}") = "BirthdayApplication", "BirthdayApplication\BirthdayApplication.csproj", "{65AF78F3-A67A-42E5-9F5E-D51BDE6F7E0B}"
EndProject
Project("{FAE04EC0-301F-11D3-BF4B-00C04F79EFBC}") = "BirthdayApplication.Models", "BirthdayApplication.Models\BirthdayApplication.Models.csproj", "{3DBF39B4-3D93-4126-B14D-DA505EB0BD46}"
EndProject
Project("{FAE04EC0-301F-11D3-BF4B-00C04F79EFBC}") = "BirthdayApplication.Data", "BirthdayApplication.Data\BirthdayApplication.Data.csproj", "{E7B75499-E5C6-474B-8CDB-AAD24BCD340B}"
EndProject
Global
	GlobalSection(SolutionConfigurationPlatforms) = preSolution
		Debug|Any CPU = Debug|Any CPU
		Release|Any CPU = Release|Any CPU
	EndGlobalSection
	GlobalSection(ProjectConfigurationPlatforms) = postSolution
		{65AF78F3-A67A-42E5-9F5E-D51BDE6F7E0B}.Debug|Any CPU.ActiveCfg = Debug|Any CPU
		{65AF78F3-A67A-42E5-9F5E-D51BDE6F7E0B}.Debug|Any CPU.Build.0 = Debug|Any CPU
		{65AF78F3-A67A-42E5-9F5E-D51BDE6F7E0B}.Release|Any CPU.ActiveCfg = Release|Any CPU
		{65AF78F3-A67A-42E5-9F5E-D51BDE6F7E0B}.Release|Any CPU.Build.0 = Release|Any CPU
		{3DBF39B4-3D93-4126-B14D-DA505EB0BD46}.Debug|Any CPU.ActiveCfg = Debug|Any CPU
		{3DBF39B4-3D93-4126-B14D-DA505EB0BD46}.Debug|Any CPU.Build.0 = Debug|Any CPU
		{3DBF39B4-3D93-4126-B14D-DA505EB0BD46}.Release|Any CPU.ActiveCfg = Release|Any CPU
		{3DBF39B4-3D93-4126-B14D-DA505EB0BD46}.Release|Any CPU.Build.0 = Release|Any CPU
		{E7B75499-E5C6-474B-8CDB-AAD24BCD340B}.Debug|Any CPU.ActiveCfg = Debug|Any CPU
		{E7B75499-E5C6-474B-8CDB-AAD24BCD340B}.Debug|Any CPU.Build.0 = Debug|Any CPU
		{E7B75499-E5C6-474B-8CDB-AAD24BCD340B}.Release|Any CPU.ActiveCfg = Release|Any CPU
		{E7B75499-E5C6-474B-8CDB-AAD24BCD340B}.Release|Any CPU.Build.0 = Release|Any CPU
	EndGlobalSection
	GlobalSection(SolutionProperties) = preSolution
		HideSolutionNode = FALSE
	EndGlobalSection
EndGlobal
